# This file is generated by running "yarn install" inside your project.
# Manual changes might be lost - proceed with caution!

__metadata:
  version: 8
  cacheKey: 10c0

"@babel/runtime-corejs2@npm:^7.0.0":
  version: 7.18.9
  resolution: "@babel/runtime-corejs2@npm:7.18.9"
  dependencies:
    core-js: "npm:^2.6.12"
    regenerator-runtime: "npm:^0.13.4"
  checksum: 1eb42c3c74628db5e7a67a1432cd0eeb306637a38cccb8f1824d7dd46acf0da19953aae5ddd1ac7379f7ce0b65ffefbc4962e46a8205a06cdd4e75e1a1e0b862
  languageName: node
  linkType: hard

"@babel/runtime@npm:^7.18.9":
  version: 7.18.9
  resolution: "@babel/runtime@npm:7.18.9"
  dependencies:
    regenerator-runtime: "npm:^0.13.4"
  checksum: f996fca79e2cd3c80289c2655e95358254f0437ca28cf10ec4343498dd4a59002fc506d5ce6f37019f1a961e8f26ce43523844ee5a87412d32c17a8ef2f608ee
  languageName: node
  linkType: hard

"@catppuccin/palette@git+https://github.com/b-ggs/catppuccin-palette.git#dist":
  version: 1.0.3
  resolution: "@catppuccin/palette@https://github.com/b-ggs/catppuccin-palette.git#commit=68683e3f1014aa5cf8d271f3b0d87d565672edad"
  checksum: 8930f2bc02c0efdc228a70bfa7a2d450301785159eff2f106dfdcb004c3618490e15342f2e8dbdd9a8e1f58802596f51f959130f151c5650c13b535187a79def
  languageName: node
  linkType: hard

"bl@npm:^2.0.1":
  version: 2.2.1
  resolution: "bl@npm:2.2.1"
  dependencies:
    readable-stream: "npm:^2.3.5"
    safe-buffer: "npm:^5.1.1"
  checksum: 37481260f1661755253b6205fcdd64b6d852147aaf61628947d2193fcdb78e625ee061dae0094ac16e7c7f10b12c90110fb2b08826815d47a28f9628bebb5a8f
  languageName: node
  linkType: hard

"bluebird@npm:^3.0.6":
  version: 3.7.2
  resolution: "bluebird@npm:3.7.2"
  checksum: 680de03adc54ff925eaa6c7bb9a47a0690e8b5de60f4792604aae8ed618c65e6b63a7893b57ca924beaf53eee69c5af4f8314148c08124c550fe1df1add897d2
  languageName: node
  linkType: hard

"catppuccin-firefox@workspace:.":
  version: 0.0.0-use.local
  resolution: "catppuccin-firefox@workspace:."
  dependencies:
    "@babel/runtime": "npm:^7.18.9"
    "@catppuccin/palette": "git+https://github.com/b-ggs/catppuccin-palette.git#dist"
    json-url: "npm:^3.0.0"
    jszip: "npm:^3.10.1"
  languageName: unknown
  linkType: soft

"core-js@npm:^2.6.12":
  version: 2.6.12
  resolution: "core-js@npm:2.6.12"
  checksum: 00128efe427789120a06b819adc94cc72b96955acb331cb71d09287baf9bd37bebd191d91f1ee4939c893a050307ead4faea08876f09115112612b6a05684b63
  languageName: node
  linkType: hard

"core-util-is@npm:~1.0.0":
  version: 1.0.3
  resolution: "core-util-is@npm:1.0.3"
  checksum: 90a0e40abbddfd7618f8ccd63a74d88deea94e77d0e8dbbea059fa7ebebb8fbb4e2909667fe26f3a467073de1a542ebe6ae4c73a73745ac5833786759cd906c9
  languageName: node
  linkType: hard

"immediate@npm:~3.0.5":
  version: 3.0.6
  resolution: "immediate@npm:3.0.6"
  checksum: f8ba7ede69bee9260241ad078d2d535848745ff5f6995c7c7cb41cfdc9ccc213f66e10fa5afb881f90298b24a3f7344b637b592beb4f54e582770cdce3f1f039
  languageName: node
  linkType: hard

"inherits@npm:^2.0.3, inherits@npm:~2.0.3":
  version: 2.0.4
  resolution: "inherits@npm:2.0.4"
  checksum: 4e531f648b29039fb7426fb94075e6545faa1eb9fe83c29f0b6d9e7263aceb4289d2d4557db0d428188eeb449cc7c5e77b0a0b2c4e248ff2a65933a0dee49ef2
  languageName: node
  linkType: hard

"isarray@npm:~1.0.0":
  version: 1.0.0
  resolution: "isarray@npm:1.0.0"
  checksum: 18b5be6669be53425f0b84098732670ed4e727e3af33bc7f948aac01782110eb9a18b3b329c5323bcdd3acdaae547ee077d3951317e7f133bff7105264b3003d
  languageName: node
  linkType: hard

"json-url@npm:^3.0.0":
  version: 3.0.0
  resolution: "json-url@npm:3.0.0"
  dependencies:
    "@babel/runtime-corejs2": "npm:^7.0.0"
    bluebird: "npm:^3.0.6"
    lz-string: "npm:^1.4.4"
    lzma: "npm:^2.3.2"
    msgpack5: "npm:^4.2.1"
    node-lzw: "npm:^0.3.1"
    urlsafe-base64: "npm:^1.0.0"
  checksum: a5e73f81448ae7fccfd1511fca88631885bd1925d27b190cba4377ad6ecc833f1f743ba061364cefc806cee0f044709e04af04f296fb283d6e141ab33d4c553c
  languageName: node
  linkType: hard

"jszip@npm:^3.10.1":
  version: 3.10.1
  resolution: "jszip@npm:3.10.1"
  dependencies:
    lie: "npm:~3.3.0"
    pako: "npm:~1.0.2"
    readable-stream: "npm:~2.3.6"
    setimmediate: "npm:^1.0.5"
  checksum: 58e01ec9c4960383fb8b38dd5f67b83ccc1ec215bf74c8a5b32f42b6e5fb79fada5176842a11409c4051b5b94275044851814a31076bf49e1be218d3ef57c863
  languageName: node
  linkType: hard

"lie@npm:~3.3.0":
  version: 3.3.0
  resolution: "lie@npm:3.3.0"
  dependencies:
    immediate: "npm:~3.0.5"
  checksum: 56dd113091978f82f9dc5081769c6f3b947852ecf9feccaf83e14a123bc630c2301439ce6182521e5fbafbde88e88ac38314327a4e0493a1bea7e0699a7af808
  languageName: node
  linkType: hard

"lz-string@npm:^1.4.4":
  version: 1.4.4
  resolution: "lz-string@npm:1.4.4"
  bin:
    lz-string: bin/bin.js
  checksum: 683d2d01607444605bee9902b05851415ae54e4de75ff14971c7e070d0fab53a7f1f82e659f24e6ccdc63080832b937418e278a611ed4a354bf2e7ad6f0b874b
  languageName: node
  linkType: hard

"lzma@npm:^2.3.2":
  version: 2.3.2
  resolution: "lzma@npm:2.3.2"
  bin:
    lzma.js: bin/lzma.js
  checksum: 80650ae54e9216bec16850f20bd1af2ab5f2c4ffa6b598fece0fedd5304c5d76671b50c254e7e1a843e0612885c7b7f24311bfb9bc765673935a354764cc8064
  languageName: node
  linkType: hard

"msgpack5@npm:^4.2.1":
  version: 4.5.1
  resolution: "msgpack5@npm:4.5.1"
  dependencies:
    bl: "npm:^2.0.1"
    inherits: "npm:^2.0.3"
    readable-stream: "npm:^2.3.6"
    safe-buffer: "npm:^5.1.2"
  checksum: 8baed512d00a321e7e590e9d03b1ab7c281cef0ebf8c1acae465b1403c2aa8f4287e8532f20e00b5769049f4e4e376900e5ce17cfd915c5a6528ea91d8626a03
  languageName: node
  linkType: hard

"node-lzw@npm:^0.3.1":
  version: 0.3.1
  resolution: "node-lzw@npm:0.3.1"
  bin:
    lzw: ./lib/lzw.js
  checksum: 8b9efb6a74b3ea44fbbe36996ac6353418d5f28d0fd012d070c2992e527f39128cdbd63ae93751f7e00e86495acf807d9c1644a7363d0ceca5a36e12427784cb
  languageName: node
  linkType: hard

"pako@npm:~1.0.2":
  version: 1.0.11
  resolution: "pako@npm:1.0.11"
  checksum: 86dd99d8b34c3930345b8bbeb5e1cd8a05f608eeb40967b293f72fe469d0e9c88b783a8777e4cc7dc7c91ce54c5e93d88ff4b4f060e6ff18408fd21030d9ffbe
  languageName: node
  linkType: hard

"process-nextick-args@npm:~2.0.0":
  version: 2.0.1
  resolution: "process-nextick-args@npm:2.0.1"
  checksum: bec089239487833d46b59d80327a1605e1c5287eaad770a291add7f45fda1bb5e28b38e0e061add0a1d0ee0984788ce74fa394d345eed1c420cacf392c554367
  languageName: node
  linkType: hard

"readable-stream@npm:^2.3.5, readable-stream@npm:^2.3.6, readable-stream@npm:~2.3.6":
  version: 2.3.7
  resolution: "readable-stream@npm:2.3.7"
  dependencies:
    core-util-is: "npm:~1.0.0"
    inherits: "npm:~2.0.3"
    isarray: "npm:~1.0.0"
    process-nextick-args: "npm:~2.0.0"
    safe-buffer: "npm:~5.1.1"
    string_decoder: "npm:~1.1.1"
    util-deprecate: "npm:~1.0.1"
  checksum: 1708755e6cf9daff6ff60fa5b4575636472289c5b95d38058a91f94732b8d024a940a0d4d955639195ce42c22cab16973ee8fea8deedd24b5fec3dd596465f86
  languageName: node
  linkType: hard

"regenerator-runtime@npm:^0.13.4":
  version: 0.13.9
  resolution: "regenerator-runtime@npm:0.13.9"
  checksum: b0f26612204f061a84064d2f3361629eae09993939112b9ffc3680bb369ecd125764d6654eace9ef11b36b44282ee52b988dda946ea52d372e7599a30eea73ee
  languageName: node
  linkType: hard

"safe-buffer@npm:^5.1.1, safe-buffer@npm:^5.1.2":
  version: 5.2.1
  resolution: "safe-buffer@npm:5.2.1"
  checksum: 6501914237c0a86e9675d4e51d89ca3c21ffd6a31642efeba25ad65720bce6921c9e7e974e5be91a786b25aa058b5303285d3c15dbabf983a919f5f630d349f3
  languageName: node
  linkType: hard

"safe-buffer@npm:~5.1.0, safe-buffer@npm:~5.1.1":
  version: 5.1.2
  resolution: "safe-buffer@npm:5.1.2"
  checksum: 780ba6b5d99cc9a40f7b951d47152297d0e260f0df01472a1b99d4889679a4b94a13d644f7dbc4f022572f09ae9005fa2fbb93bbbd83643316f365a3e9a45b21
  languageName: node
  linkType: hard

"setimmediate@npm:^1.0.5":
  version: 1.0.5
  resolution: "setimmediate@npm:1.0.5"
  checksum: 5bae81bfdbfbd0ce992893286d49c9693c82b1bcc00dcaaf3a09c8f428fdeacf4190c013598b81875dfac2b08a572422db7df779a99332d0fce186d15a3e4d49
  languageName: node
  linkType: hard

"string_decoder@npm:~1.1.1":
  version: 1.1.1
  resolution: "string_decoder@npm:1.1.1"
  dependencies:
    safe-buffer: "npm:~5.1.0"
  checksum: b4f89f3a92fd101b5653ca3c99550e07bdf9e13b35037e9e2a1c7b47cec4e55e06ff3fc468e314a0b5e80bfbaf65c1ca5a84978764884ae9413bec1fc6ca924e
  languageName: node
  linkType: hard

"urlsafe-base64@npm:^1.0.0":
  version: 1.0.0
  resolution: "urlsafe-base64@npm:1.0.0"
  checksum: 9ff87679eac72083563f2a74521c0e3ecec859d1859e94d87f4c8041a61911dc3b2eb7300cfe82258906daa38a04399fda0c48feae95fa7d0598cb75579dd085
  languageName: node
  linkType: hard

"util-deprecate@npm:~1.0.1":
  version: 1.0.2
  resolution: "util-deprecate@npm:1.0.2"
  checksum: 41a5bdd214df2f6c3ecf8622745e4a366c4adced864bc3c833739791aeeeb1838119af7daed4ba36428114b5c67dcda034a79c882e97e43c03e66a4dd7389942
  languageName: node
  linkType: hard
